
Microsoft Visual Studio Solution File, Format Version 12.00
# Visual Studio Version 17
VisualStudioVersion = 17.0.31912.275
MinimumVisualStudioVersion = 10.0.40219.1
Project("{2150E333-8FDC-42A3-9474-1A3956D46DE8}") = "ShopManagment", "ShopManagment", "{C6B2863C-DA26-4E08-A0C1-AE04AB5DD39F}"
EndProject
Project("{2150E333-8FDC-42A3-9474-1A3956D46DE8}") = "SM.Domain", "SM.Domain", "{13A621A8-183D-4D7A-A4B6-055147A310E9}"
EndProject
Global
	GlobalSection(SolutionProperties) = preSolution
		HideSolutionNode = FALSE
	EndGlobalSection
	GlobalSection(NestedProjects) = preSolution
		{13A621A8-183D-4D7A-A4B6-055147A310E9} = {C6B2863C-DA26-4E08-A0C1-AE04AB5DD39F}
	EndGlobalSection
	GlobalSection(ExtensibilityGlobals) = postSolution
		SolutionGuid = {B5106E3B-628B-4D7D-8F0F-B4D0A8451633}
	EndGlobalSection
EndGlobal
